Microsoft Visual Studio Solution File, Format Version 12.00
# Visual Studio 15
VisualStudioVersion = 15.0.28307.960
MinimumVisualStudioVersion = 10.0.40219.1
Project("{2150E333-8FDC-42A3-9474-1A3956D46DE8}") = "Solution Items", "Solution Items", "{2174EF99-7D4B-45EE-87F7-D5912F3DFB5D}"
EndProject
Project("{FAE04EC0-301F-11D3-BF4B-00C04F79EFBC}") = "ProtocolHub.MonitorInterface", "ProtocolHub.MonitorInterface\ProtocolHub.MonitorInterface.csproj", "{CE7BA276-5ACF-44FE-B24A-F91F6A0B0436}"
EndProject
Project("{FAE04EC0-301F-11D3-BF4B-00C04F79EFBC}") = "ProtocolHub.Communication", "ProtocolHub.Communication\ProtocolHub.Communication.csproj", "{E1351D09-7241-44C3-A292-8D46E322A61D}"
EndProject
Project("{FAE04EC0-301F-11D3-BF4B-00C04F79EFBC}") = "ProtocolHub.CommunicationUnitTests", "ProtocolHub.CommunicationUnitTests\ProtocolHub.CommunicationUnitTests.csproj", "{2BFCD8E7-8C88-4B0A-8FA3-2ABDC4F044C3}"
EndProject
Project("{FAE04EC0-301F-11D3-BF4B-00C04F79EFBC}") = "ProtocolHub.Monitor", "ProtocolHub.Monitor\ProtocolHub.Monitor.csproj", "{A6E398E2-7D4F-4C59-A8C7-2453281CC79C}"
EndProject
Project("{FAE04EC0-301F-11D3-BF4B-00C04F79EFBC}") = "ProtocolHub.GraphGUI", "ProtocolHub.GraphGUI\ProtocolHub.GraphGUI.csproj", "{D09CB0E3-C54C-46D4-8DB1-F0C3302A1054}"
EndProject
Project("{FAE04EC0-301F-11D3-BF4B-00C04F79EFBC}") = "ProtocolHub.ConfiguartionEditor", "ProtocolHub.ConfiguartionEditor\ProtocolHub.ConfiguartionEditor.csproj", "{C0F2A363-B200-4713-8EC3-4A2A98A96A1B}"
EndProject
Project("{FAE04EC0-301F-11D3-BF4B-00C04F79EFBC}") = "ProtocolHub.Scripts", "ProtocolHub.Scripts\ProtocolHub.Scripts.csproj", "{9980473B-E30A-4DD9-91FC-15126D050E68}"
EndProject
Project("{FAE04EC0-301F-11D3-BF4B-00C04F79EFBC}") = "T4Definitions", "T4Definitions\T4Definitions.csproj", "{D506423B-BA21-49E6-8C3B-88A771CA444E}"
EndProject
Global
	GlobalSection(SolutionConfigurationPlatforms) = preSolution
		Debug|Any CPU = Debug|Any CPU
		Release|Any CPU = Release|Any CPU
	EndGlobalSection
	GlobalSection(ProjectConfigurationPlatforms) = postSolution
		{CE7BA276-5ACF-44FE-B24A-F91F6A0B0436}.Debug|Any CPU.ActiveCfg = Debug|Any CPU
		{CE7BA276-5ACF-44FE-B24A-F91F6A0B0436}.Debug|Any CPU.Build.0 = Debug|Any CPU
		{CE7BA276-5ACF-44FE-B24A-F91F6A0B0436}.Release|Any CPU.ActiveCfg = Release|Any CPU
		{CE7BA276-5ACF-44FE-B24A-F91F6A0B0436}.Release|Any CPU.Build.0 = Release|Any CPU
		{E1351D09-7241-44C3-A292-8D46E322A61D}.Debug|Any CPU.ActiveCfg = Debug|Any CPU
		{E1351D09-7241-44C3-A292-8D46E322A61D}.Debug|Any CPU.Build.0 = Debug|Any CPU
		{E1351D09-7241-44C3-A292-8D46E322A61D}.Release|Any CPU.ActiveCfg = Release|Any CPU
		{E1351D09-7241-44C3-A292-8D46E322A61D}.Release|Any CPU.Build.0 = Release|Any CPU
		{2BFCD8E7-8C88-4B0A-8FA3-2ABDC4F044C3}.Debug|Any CPU.ActiveCfg = Debug|Any CPU
		{2BFCD8E7-8C88-4B0A-8FA3-2ABDC4F044C3}.Debug|Any CPU.Build.0 = Debug|Any CPU
		{2BFCD8E7-8C88-4B0A-8FA3-2ABDC4F044C3}.Release|Any CPU.ActiveCfg = Release|Any CPU
		{2BFCD8E7-8C88-4B0A-8FA3-2ABDC4F044C3}.Release|Any CPU.Build.0 = Release|Any CPU
		{A6E398E2-7D4F-4C59-A8C7-2453281CC79C}.Debug|Any CPU.ActiveCfg = Debug|Any CPU
		{A6E398E2-7D4F-4C59-A8C7-2453281CC79C}.Debug|Any CPU.Build.0 = Debug|Any CPU
		{A6E398E2-7D4F-4C59-A8C7-2453281CC79C}.Release|Any CPU.ActiveCfg = Release|Any CPU
		{A6E398E2-7D4F-4C59-A8C7-2453281CC79C}.Release|Any CPU.Build.0 = Release|Any CPU
		{D09CB0E3-C54C-46D4-8DB1-F0C3302A1054}.Debug|Any CPU.ActiveCfg = Debug|Any CPU
		{D09CB0E3-C54C-46D4-8DB1-F0C3302A1054}.Debug|Any CPU.Build.0 = Debug|Any CPU
		{D09CB0E3-C54C-46D4-8DB1-F0C3302A1054}.Release|Any CPU.ActiveCfg = Release|Any CPU
		{D09CB0E3-C54C-46D4-8DB1-F0C3302A1054}.Release|Any CPU.Build.0 = Release|Any CPU
		{C0F2A363-B200-4713-8EC3-4A2A98A96A1B}.Debug|Any CPU.ActiveCfg = Debug|Any CPU
		{C0F2A363-B200-4713-8EC3-4A2A98A96A1B}.Debug|Any CPU.Build.0 = Debug|Any CPU
		{C0F2A363-B200-4713-8EC3-4A2A98A96A1B}.Release|Any CPU.ActiveCfg = Release|Any CPU
		{C0F2A363-B200-4713-8EC3-4A2A98A96A1B}.Release|Any CPU.Build.0 = Release|Any CPU
		{9980473B-E30A-4DD9-91FC-15126D050E68}.Debug|Any CPU.ActiveCfg = Debug|Any CPU
		{9980473B-E30A-4DD9-91FC-15126D050E68}.Debug|Any CPU.Build.0 = Debug|Any CPU
		{9980473B-E30A-4DD9-91FC-15126D050E68}.Release|Any CPU.ActiveCfg = Release|Any CPU
		{9980473B-E30A-4DD9-91FC-15126D050E68}.Release|Any CPU.Build.0 = Release|Any CPU
		{D506423B-BA21-49E6-8C3B-88A771CA444E}.Debug|Any CPU.ActiveCfg = Debug|Any CPU
		{D506423B-BA21-49E6-8C3B-88A771CA444E}.Debug|Any CPU.Build.0 = Debug|Any CPU
		{D506423B-BA21-49E6-8C3B-88A771CA444E}.Release|Any CPU.ActiveCfg = Release|Any CPU
		{D506423B-BA21-49E6-8C3B-88A771CA444E}.Release|Any CPU.Build.0 = Release|Any CPU
	EndGlobalSection
	GlobalSection(SolutionProperties) = preSolution
		HideSolutionNode = FALSE
	EndGlobalSection
	GlobalSection(NestedProjects) = preSolution
		{D506423B-BA21-49E6-8C3B-88A771CA444E} = {2174EF99-7D4B-45EE-87F7-D5912F3DFB5D}
	EndGlobalSection
	GlobalSection(ExtensibilityGlobals) = postSolution
		SolutionGuid = {62D477F7-58C8-4CCC-9377-C69710235621}
	EndGlobalSection
EndGlobal
